// !$*UTF8*$!
{
	archiveVersion = 1;
	classes = {
	};
	objectVersion = 50;
	objects = {

/* Begin PBXBuildFile section */
		AA71C40520C127CE005318AB /* portal.scn in Resources */ = {isa = PBXBuildFile; fileRef = AA71C40420C127CE005318AB /* portal.scn */; };
		AA87A1CF20B86B7C00CC282F /* AppDelegate.swift in Sources */ = {isa = PBXBuildFile; fileRef = AA87A1CE20B86B7C00CC282F /* AppDelegate.swift */; };
		AA87A1D120B86B7C00CC282F /* art.scnassets in Resources */ = {isa = PBXBuildFile; fileRef = AA87A1D020B86B7C00CC282F /* art.scnassets */; };
		AA87A1D320B86B7C00CC282F /* ViewController.swift in Sources */ = {isa = PBXBuildFile; fileRef = AA87A1D220B86B7C00CC282F /* ViewController.swift */; };
		AA87A1D620B86B7C00CC282F /* Main.storyboard in Resources */ = {isa = PBXBuildFile; fileRef = AA87A1D420B86B7C00CC282F /* Main.storyboard */; };
		AA87A1D820B86B7D00CC282F /* Assets.xcassets in Resources */ = {isa = PBXBuildFile; fileRef = AA87A1D720B86B7D00CC282F /* Assets.xcassets */; };
		AA87A1DB20B86B7D00CC282F /* LaunchScreen.storyboard in Resources */ = {isa = PBXBuildFile; fileRef = AA87A1D920B86B7D00CC282F /* LaunchScreen.storyboard */; };
/* End PBXBuildFile section */

/* Begin PBXFileReference section */
		AA71C40420C127CE005318AB /* portal.scn */ = {isa = PBXFileReference; lastKnownFileType = file.bplist; name = portal.scn; path = ../../altconf.playground/Resources/portal.scn; sourceTree = "<group>"; };
		AA87A1CB20B86B7C00CC282F /* altConf.app */ = {isa = PBXFileReference; explicitFileType = wrapper.application; includeInIndex = 0; path = altConf.app; sourceTree = BUILT_PRODUCTS_DIR; };
		AA87A1CE20B86B7C00CC282F /* AppDelegate.swift */ = {isa = PBXFileReference; lastKnownFileType = sourcecode.swift; path = AppDelegate.swift; sourceTree = "<group>"; };
		AA87A1D020B86B7C00CC282F /* art.scnassets */ = {isa = PBXFileReference; lastKnownFileType = wrapper.scnassets; path = art.scnassets; sourceTree = "<group>"; };
		AA87A1D220B86B7C00CC282F /* ViewController.swift */ = {isa = PBXFileReference; lastKnownFileType = sourcecode.swift; path = ViewController.swift; sourceTree = "<group>"; };
		AA87A1D520B86B7C00CC282F /* Base */ = {isa = PBXFileReference; lastKnownFileType = file.storyboard; name = Base; path = Base.lproj/Main.storyboard; sourceTree = "<group>"; };
		AA87A1D720B86B7D00CC282F /* Assets.xcassets */ = {isa = PBXFileReference; lastKnownFileType = folder.assetcatalog; path = Assets.xcassets; sourceTree = "<group>"; };
		AA87A1DA20B86B7D00CC282F /* Base */ = {isa = PBXFileReference; lastKnownFileType = file.storyboard; name = Base; path = Base.lproj/LaunchScreen.storyboard; sourceTree = "<group>"; };
		AA87A1DC20B86B7D00CC282F /* Info.plist */ = {isa = PBXFileReference; lastKnownFileType = text.plist.xml; path = Info.plist; sourceTree = "<group>"; };
/* End PBXFileReference section */

/* Begin PBXFrameworksBuildPhase section */
		AA87A1C820B86B7C00CC282F /* Frameworks */ = {
			isa = PBXFrameworksBuildPhase;
			buildActionMask = 2147483647;
			files = (
			);
			runOnlyForDeploymentPostprocessing = 0;
		};
/* End PBXFrameworksBuildPhase section */

/* Begin PBXGroup section */
		AA87A1C220B86B7C00CC282F = {
			isa = PBXGroup;
			children = (
				AA87A1CD20B86B7C00CC282F /* altConf */,
				AA87A1CC20B86B7C00CC282F /* Products */,
			);
			sourceTree = "<group>";
		};
		AA87A1CC20B86B7C00CC282F /* Products */ = {
			isa = PBXGroup;
			children = (
				AA87A1CB20B86B7C00CC282F /* altConf.app */,
			);
			name = Products;
			sourceTree = "<group>";
		};
		AA87A1CD20B86B7C00CC282F /* altConf */ = {
			isa = PBXGroup;
			children = (
				AA87A1CE20B86B7C00CC282F /* AppDelegate.swift */,
				AA87A1D020B86B7C00CC282F /* art.scnassets */,
				AA87A1D220B86B7C00CC282F /* ViewController.swift */,
				AA71C40420C127CE005318AB /* portal.scn */,
				AA87A1D420B86B7C00CC282F /* Main.storyboard */,
				AA87A1D720B86B7D00CC282F /* Assets.xcassets */,
				AA87A1D920B86B7D00CC282F /* LaunchScreen.storyboard */,
				AA87A1DC20B86B7D00CC282F /* Info.plist */,
			);
			path = altConf;
			sourceTree = "<group>";
		};
/* End PBXGroup section */

/* Begin PBXNativeTarget section */
		AA87A1CA20B86B7C00CC282F /* altConf */ = {
			isa = PBXNativeTarget;
			buildConfigurationList = AA87A1DF20B86B7D00CC282F /* Build configuration list for PBXNativeTarget "altConf" */;
			buildPhases = (
				AA87A1C720B86B7C00CC282F /* Sources */,
				AA87A1C820B86B7C00CC282F /* Frameworks */,
				AA87A1C920B86B7C00CC282F /* Resources */,
			);
			buildRules = (
			);
			dependencies = (
			);
			name = altConf;
			productName = altConf;
			productReference = AA87A1CB20B86B7C00CC282F /* altConf.app */;
			productType = "com.apple.product-type.application";
		};
/* End PBXNativeTarget section */

/* Begin PBXProject section */
		AA87A1C320B86B7C00CC282F /* Project object */ = {
			isa = PBXProject;
			attributes = {
				LastSwiftUpdateCheck = 0930;
				LastUpgradeCheck = 0930;
				ORGANIZATIONNAME = Erwin;
				TargetAttributes = {
					AA87A1CA20B86B7C00CC282F = {
						CreatedOnToolsVersion = 9.3.1;
					};
				};
			};
			buildConfigurationList = AA87A1C620B86B7C00CC282F /* Build configuration list for PBXProject "altConf" */;
			compatibilityVersion = "Xcode 9.3";
			developmentRegion = en;
			hasScannedForEncodings = 0;
			knownRegions = (
				en,
				Base,
			);
			mainGroup = AA87A1C220B86B7C00CC282F;
			productRefGroup = AA87A1CC20B86B7C00CC282F /* Products */;
			projectDirPath = "";
			projectRoot = "";
			targets = (
				AA87A1CA20B86B7C00CC282F /* altConf */,
			);
		};
/* End PBXProject section */

/* Begin PBXResourcesBuildPhase section */
		AA87A1C920B86B7C00CC282F /* Resources */ = {
			isa = PBXResourcesBuildPhase;
			buildActionMask = 2147483647;
			files = (
				AA87A1D120B86B7C00CC282F /* art.scnassets in Resources */,
				AA71C40520C127CE005318AB /* portal.scn in Resources */,
				AA87A1DB20B86B7D00CC282F /* LaunchScreen.storyboard in Resources */,
				AA87A1D820B86B7D00CC282F /* Assets.xcassets in Resources */,
				AA87A1D620B86B7C00CC282F /* Main.storyboard in Resources */,
			);
			runOnlyForDeploymentPostprocessing = 0;
		};
/* End PBXResourcesBuildPhase section */

/* Begin PBXSourcesBuildPhase section */
		AA87A1C720B86B7C00CC282F /* Sources */ = {
			isa = PBXSourcesBuildPhase;
			buildActionMask = 2147483647;
			files = (
				AA87A1D320B86B7C00CC282F /* ViewController.swift in Sources */,
				AA87A1CF20B86B7C00CC282F /* AppDelegate.swift in Sources */,
			);
			runOnlyForDeploymentPostprocessing = 0;
		};
/* End PBXSourcesBuildPhase section */

/* Begin PBXVariantGroup section */
		AA87A1D420B86B7C00CC282F /* Main.storyboard */ = {
			isa = PBXVariantGroup;
			children = (
				AA87A1D520B86B7C00CC282F /* Base */,
			);
			name = Main.storyboard;
			sourceTree = "<group>";
		};
		AA87A1D920B86B7D00CC282F /* LaunchScreen.storyboard */ = {
			isa = PBXVariantGroup;
			children = (
				AA87A1DA20B86B7D00CC282F /* Base */,
			);
			name = LaunchScreen.storyboard;
			sourceTree = "<group>";
		};
/* End PBXVariantGroup section */

/* Begin XCBuildConfiguration section */
		AA87A1DD20B86B7D00CC282F /* Debug */ = {
			isa = XCBuildConfiguration;
			buildSettings = {
				ALWAYS_SEARCH_USER_PATHS = NO;
				CLANG_ANALYZER_NONNULL = YES;
				CLANG_ANALYZER_NUMBER_OBJECT_CONVERSION = YES_AGGRESSIVE;
				CLANG_CXX_LANGUAGE_STANDARD = "gnu++14";
				CLANG_CXX_LIBRARY = "libc++";
				CLANG_ENABLE_MODULES = YES;
				CLANG_ENABLE_OBJC_ARC = YES;
				CLANG_ENABLE_OBJC_WEAK = YES;
				CLANG_WARN_BLOCK_CAPTURE_AUTORELEASING = YES;
				CLANG_WARN_BOOL_CONVERSION = YES;
				CLANG_WARN_COMMA = YES;
				CLANG_WARN_CONSTANT_CONVERSION = YES;
				CLANG_WARN_DEPRECATED_OBJC_IMPLEMENTATIONS = YES;
				CLANG_WARN_DIRECT_OBJC_ISA_USAGE = YES_ERROR;
				CLANG_WARN_DOCUMENTATION_COMMENTS = YES;
				CLANG_WARN_EMPTY_BODY = YES;
				CLANG_WARN_ENUM_CONVERSION = YES;
				CLANG_WARN_INFINITE_RECURSION = YES;
				CLANG_WARN_INT_CONVERSION = YES;
				CLANG_WARN_NON_LITERAL_NULL_CONVERSION = YES;
				CLANG_WARN_OBJC_IMPLICIT_RETAIN_SELF = YES;
				CLANG_WARN_OBJC_LITERAL_CONVERSION = YES;
				CLANG_WARN_OBJC_ROOT_CLASS = YES_ERROR;
				CLANG_WARN_RANGE_LOOP_ANALYSIS = YES;
				CLANG_WARN_STRICT_PROTOTYPES = YES;
				CLANG_WARN_SUSPICIOUS_MOVE = YES;
				CLANG_WARN_UNGUARDED_AVAILABILITY = YES_AGGRESSIVE;
				CLANG_WARN_UNREACHABLE_CODE = YES;
				CLANG_WARN__DUPLICATE_METHOD_MATCH = YES;
				CODE_SIGN_IDENTITY = "iPhone Developer";
				COPY_PHASE_STRIP = NO;
				DEBUG_INFORMATION_FORMAT = dwarf;
				ENABLE_STRICT_OBJC_MSGSEND = YES;
				ENABLE_TESTABILITY = YES;
				GCC_C_LANGUAGE_STANDARD = gnu11;
				GCC_DYNAMIC_NO_PIC = NO;
				GCC_NO_COMMON_BLOCKS = YES;
				GCC_OPTIMIZATION_LEVEL = 0;
				GCC_PREPROCESSOR_DEFINITIONS = (
					"DEBUG=1",
					"$(inherited)",
				);
				GCC_WARN_64_TO_32_BIT_CONVERSION = YES;
				GCC_WARN_ABOUT_RETURN_TYPE = YES_ERROR;
				GCC_WARN_UNDECLARED_SELECTOR = YES;
				GCC_WARN_UNINITIALIZED_AUTOS = YES_AGGRESSIVE;
				GCC_WARN_UNUSED_FUNCTION = YES;
				GCC_WARN_UNUSED_VARIABLE = YES;
				IPHONEOS_DEPLOYMENT_TARGET = 11.3;
				MTL_ENABLE_DEBUG_INFO = YES;
				ONLY_ACTIVE_ARCH = YES;
				SDKROOT = iphoneos;
				SWIFT_ACTIVE_COMPILATION_CONDITIONS = DEBUG;
				SWIFT_OPTIMIZATION_LEVEL = "-Onone";
			};
			name = Debug;
		};
		AA87A1DE20B86B7D00CC282F /* Release */ = {
			isa = XCBuildConfiguration;
			buildSettings = {
				ALWAYS_SEARCH_USER_PATHS = NO;
				CLANG_ANALYZER_NONNULL = YES;
				CLANG_ANALYZER_NUMBER_OBJECT_CONVERSION = YES_AGGRESSIVE;
				CLANG_CXX_LANGUAGE_STANDARD = "gnu++14";
				CLANG_CXX_LIBRARY = "libc++";
				CLANG_ENABLE_MODULES = YES;
				CLANG_ENABLE_OBJC_ARC = YES;
				CLANG_ENABLE_OBJC_WEAK = YES;
				CLANG_WARN_BLOCK_CAPTURE_AUTORELEASING = YES;
				CLANG_WARN_BOOL_CONVERSION = YES;
				CLANG_WARN_COMMA = YES;
				CLANG_WARN_CONSTANT_CONVERSION = YES;
				CLANG_WARN_DEPRECATED_OBJC_IMPLEMENTATIONS = YES;
				CLANG_WARN_DIRECT_OBJC_ISA_USAGE = YES_ERROR;
				CLANG_WARN_DOCUMENTATION_COMMENTS = YES;
				CLANG_WARN_EMPTY_BODY = YES;
				CLANG_WARN_ENUM_CONVERSION = YES;
				CLANG_WARN_INFINITE_RECURSION = YES;
				CLANG_WARN_INT_CONVERSION = YES;
				CLANG_WARN_NON_LITERAL_NULL_CONVERSION = YES;
				CLANG_WARN_OBJC_IMPLICIT_RETAIN_SELF = YES;
				CLANG_WARN_OBJC_LITERAL_CONVERSION = YES;
				CLANG_WARN_OBJC_ROOT_CLASS = YES_ERROR;
				CLANG_WARN_RANGE_LOOP_ANALYSIS = YES;
				CLANG_WARN_STRICT_PROTOTYPES = YES;
				CLANG_WARN_SUSPICIOUS_MOVE = YES;
				CLANG_WARN_UNGUARDED_AVAILABILITY = YES_AGGRESSIVE;
				CLANG_WARN_UNREACHABLE_CODE = YES;
				CLANG_WARN__DUPLICATE_METHOD_MATCH = YES;
				CODE_SIGN_IDENTITY = "iPhone Developer";
				COPY_PHASE_STRIP = NO;
				DEBUG_INFORMATION_FORMAT = "dwarf-with-dsym";
				ENABLE_NS_ASSERTIONS = NO;
				ENABLE_STRICT_OBJC_MSGSEND = YES;
				GCC_C_LANGUAGE_STANDARD = gnu11;
				GCC_NO_COMMON_BLOCKS = YES;
				GCC_WARN_64_TO_32_BIT_CONVERSION = YES;
				GCC_WARN_ABOUT_RETURN_TYPE = YES_ERROR;
				GCC_WARN_UNDECLARED_SELECTOR = YES;
				GCC_WARN_UNINITIALIZED_AUTOS = YES_AGGRESSIVE;
				GCC_WARN_UNUSED_FUNCTION = YES;
				GCC_WARN_UNUSED_VARIABLE = YES;
				IPHONEOS_DEPLOYMENT_TARGET = 11.3;
				MTL_ENABLE_DEBUG_INFO = NO;
				SDKROOT = iphoneos;
				SWIFT_COMPILATION_MODE = wholemodule;
				SWIFT_OPTIMIZATION_LEVEL = "-O";
				VALIDATE_PRODUCT = YES;
			};
			name = Release;
		};
		AA87A1E020B86B7D00CC282F /* Debug */ = {
			isa = XCBuildConfiguration;
			buildSettings = {
				ASSETCATALOG_COMPILER_APPICON_NAME = AppIcon;
				CODE_SIGN_STYLE = Automatic;
				DEVELOPMENT_TEAM = 3J4WM73YC7;
				INFOPLIST_FILE = altConf/Info.plist;
				LD_RUNPATH_SEARCH_PATHS = (
					"$(inherited)",
					"@executable_path/Frameworks",
				);
				PRODUCT_BUNDLE_IDENTIFIER = com.erwin.altConf;
				PRODUCT_NAME = "$(TARGET_NAME)";
				SWIFT_VERSION = 4.0;
				TARGETED_DEVICE_FAMILY = "1,2";
			};
			name = Debug;
		};
		AA87A1E120B86B7D00CC282F /* Release */ = {
			isa = XCBuildConfiguration;
			buildSettings = {
				ASSETCATALOG_COMPILER_APPICON_NAME = AppIcon;
				CODE_SIGN_STYLE = Automatic;
				DEVELOPMENT_TEAM = 3J4WM73YC7;
				INFOPLIST_FILE = altConf/Info.plist;
				LD_RUNPATH_SEARCH_PATHS = (
					"$(inherited)",
					"@executable_path/Frameworks",
				);
				PRODUCT_BUNDLE_IDENTIFIER = com.erwin.altConf;
				PRODUCT_NAME = "$(TARGET_NAME)";
				SWIFT_VERSION = 4.0;
				TARGETED_DEVICE_FAMILY = "1,2";
			};
			name = Release;
		};
/* End XCBuildConfiguration section */

/* Begin XCConfigurationList section */
		AA87A1C620B86B7C00CC282F /* Build configuration list for PBXProject "altConf" */ = {
			isa = XCConfigurationList;
			buildConfigurations = (
				AA87A1DD20B86B7D00CC282F /* Debug */,
				AA87A1DE20B86B7D00CC282F /* Release */,
			);
			defaultConfigurationIsVisible = 0;
			defaultConfigurationName = Release;
		};
		AA87A1DF20B86B7D00CC282F /* Build configuration list for PBXNativeTarget "altConf" */ = {
			isa = XCConfigurationList;
			buildConfigurations = (
				AA87A1E020B86B7D00CC282F /* Debug */,
				AA87A1E120B86B7D00CC282F /* Release */,
			);
			defaultConfigurationIsVisible = 0;
			defaultConfigurationName = Release;
		};
/* End XCConfigurationList section */
	};
	rootObject = AA87A1C320B86B7C00CC282F /* Project object */;
}
